
Microsoft Visual Studio Solution File, Format Version 12.00
# Visual Studio Version 17
VisualStudioVersion = 17.0.31912.275
MinimumVisualStudioVersion = 10.0.40219.1
Project("{9A19103F-16F7-4668-BE54-9A1E7A4F7556}") = "Outcomes", "src\Outcomes\Outcomes.csproj", "{7DBC2ABB-B14A-457A-99E6-84D207F90E83}"
EndProject
Project("{9A19103F-16F7-4668-BE54-9A1E7A4F7556}") = "Outcomes.Tests", "tests\Outcomes.Tests\Outcomes.Tests.csproj", "{2D4F0D62-1AB7-4CA4-B1DC-A778D612F74B}"
EndProject
Project("{2150E333-8FDC-42A3-9474-1A3956D46DE8}") = "docs", "docs", "{579198A7-B9E4-4AF1-B731-42572A908923}"
	ProjectSection(SolutionItems) = preProject
		docs\composing-outcomes.md = docs\composing-outcomes.md
		docs\creating-outcomes.md = docs\creating-outcomes.md
		docs\outcome-adaptation.md = docs\outcome-adaptation.md
		docs\outcome-extensions.md = docs\outcome-extensions.md
		docs\outcomes-as-monads.md = docs\outcomes-as-monads.md
		readme.md = readme.md
		docs\resolving-outcomes.md = docs\resolving-outcomes.md
		docs\what-is-a-problem.md = docs\what-is-a-problem.md
		docs\why-outcomes.md = docs\why-outcomes.md
	EndProjectSection
EndProject
Project("{2150E333-8FDC-42A3-9474-1A3956D46DE8}") = "Solution Items", "Solution Items", "{BC9DBADC-9911-4414-8628-DD02F56B745F}"
	ProjectSection(SolutionItems) = preProject
		.github\workflows\ci-cd.yml = .github\workflows\ci-cd.yml
		Directory.Build.props = Directory.Build.props
		Directory.Packages.props = Directory.Packages.props
		license.md = license.md
	EndProjectSection
EndProject
Global
	GlobalSection(SolutionConfigurationPlatforms) = preSolution
		Debug|Any CPU = Debug|Any CPU
		Release|Any CPU = Release|Any CPU
	EndGlobalSection
	GlobalSection(ProjectConfigurationPlatforms) = postSolution
		{7DBC2ABB-B14A-457A-99E6-84D207F90E83}.Debug|Any CPU.ActiveCfg = Debug|Any CPU
		{7DBC2ABB-B14A-457A-99E6-84D207F90E83}.Debug|Any CPU.Build.0 = Debug|Any CPU
		{7DBC2ABB-B14A-457A-99E6-84D207F90E83}.Release|Any CPU.ActiveCfg = Release|Any CPU
		{7DBC2ABB-B14A-457A-99E6-84D207F90E83}.Release|Any CPU.Build.0 = Release|Any CPU
		{2D4F0D62-1AB7-4CA4-B1DC-A778D612F74B}.Debug|Any CPU.ActiveCfg = Debug|Any CPU
		{2D4F0D62-1AB7-4CA4-B1DC-A778D612F74B}.Debug|Any CPU.Build.0 = Debug|Any CPU
		{2D4F0D62-1AB7-4CA4-B1DC-A778D612F74B}.Release|Any CPU.ActiveCfg = Release|Any CPU
		{2D4F0D62-1AB7-4CA4-B1DC-A778D612F74B}.Release|Any CPU.Build.0 = Release|Any CPU
	EndGlobalSection
	GlobalSection(SolutionProperties) = preSolution
		HideSolutionNode = FALSE
	EndGlobalSection
	GlobalSection(ExtensibilityGlobals) = postSolution
		SolutionGuid = {ACDCC761-DC48-4C66-9429-D6DD1C17B6C4}
	EndGlobalSection
EndGlobal
