<Solution>
  <Folder Name="/docs/">
    <File Path="docs/composing-async-outcomes.md" />
    <File Path="docs/composing-outcomes.md" />
    <File Path="docs/creating-outcomes.md" />
    <File Path="docs/resolving-outcomes.md" />
    <File Path="docs/outcome-adaptation.md" />
    <File Path="docs/outcome-aggregation.md" />
    <File Path="docs/outcomes-as-monads.md" />
    <File Path="docs/what-is-a-problem.md" />
    <File Path="docs/why-outcomes.md" />
  </Folder>
  <Folder Name="/Solution Items/">
    <File Path=".editorconfig" />
    <File Path="AGENTS.md" />
    <File Path="Directory.Build.props" />
    <File Path="Directory.Packages.props" />
  </Folder>
  <Folder Name="/Solution Items/Github Actions/">
    <File Path=".github/workflows/ci.yml" />
    <File Path=".github/workflows/release.yml" />
  </Folder>
  <Project Path="src/Outcomes/Outcomes.csproj" />
  <Project Path="tests/Outcomes.Tests/Outcomes.Tests.csproj" />
</Solution>
